
Microsoft Visual Studio Solution File, Format Version 12.00
# Visual Studio Version 17
VisualStudioVersion = 17.5.33209.295
MinimumVisualStudioVersion = 10.0.40219.1
Project("{FAE04EC0-301F-11D3-BF4B-00C04F79EFBC}") = "VX.PizzaDeliveryGuy.ChatBot", "VX.PizzaDeliveryGuy.ChatBot\VX.PizzaDeliveryGuy.ChatBot.csproj", "{44589EB6-FB5D-49F5-B303-268243900011}"
EndProject
Global
	GlobalSection(SolutionConfigurationPlatforms) = preSolution
		Debug|Any CPU = Debug|Any CPU
		Release|Any CPU = Release|Any CPU
	EndGlobalSection
	GlobalSection(ProjectConfigurationPlatforms) = postSolution
		{44589EB6-FB5D-49F5-B303-268243900011}.Debug|Any CPU.ActiveCfg = Debug|Any CPU
		{44589EB6-FB5D-49F5-B303-268243900011}.Debug|Any CPU.Build.0 = Debug|Any CPU
		{44589EB6-FB5D-49F5-B303-268243900011}.Release|Any CPU.ActiveCfg = Release|Any CPU
		{44589EB6-FB5D-49F5-B303-268243900011}.Release|Any CPU.Build.0 = Release|Any CPU
	EndGlobalSection
	GlobalSection(SolutionProperties) = preSolution
		HideSolutionNode = FALSE
	EndGlobalSection
	GlobalSection(ExtensibilityGlobals) = postSolution
		SolutionGuid = {1CD2857D-8B5C-48D3-B33B-C8DD68E90241}
	EndGlobalSection
EndGlobal
